
Microsoft Visual Studio Solution File, Format Version 12.00
# Visual Studio Version 17
VisualStudioVersion = 17.14.36127.28 d17.14
MinimumVisualStudioVersion = 10.0.40219.1
Project("{FAE04EC0-301F-11D3-BF4B-00C04F79EFBC}") = "MiniEcommerce.Products.WebAPI", "MiniEcommerce.Products.WebAPI.csproj", "{3DCB953C-04A5-49E6-9295-F05D087EAF5A}"
EndProject
Global
	GlobalSection(SolutionConfigurationPlatforms) = preSolution
		Debug|Any CPU = Debug|Any CPU
		Release|Any CPU = Release|Any CPU
	EndGlobalSection
	GlobalSection(ProjectConfigurationPlatforms) = postSolution
		{3DCB953C-04A5-49E6-9295-F05D087EAF5A}.Debug|Any CPU.ActiveCfg = Debug|Any CPU
		{3DCB953C-04A5-49E6-9295-F05D087EAF5A}.Debug|Any CPU.Build.0 = Debug|Any CPU
		{3DCB953C-04A5-49E6-9295-F05D087EAF5A}.Release|Any CPU.ActiveCfg = Release|Any CPU
		{3DCB953C-04A5-49E6-9295-F05D087EAF5A}.Release|Any CPU.Build.0 = Release|Any CPU
	EndGlobalSection
	GlobalSection(SolutionProperties) = preSolution
		HideSolutionNode = FALSE
	EndGlobalSection
	GlobalSection(ExtensibilityGlobals) = postSolution
		SolutionGuid = {7A2A7325-934A-402F-97C6-21A33B03488A}
	EndGlobalSection
EndGlobal
